// !$*UTF8*$!
{
	archiveVersion = 1;
	classes = {
	};
	objectVersion = 56;
	objects = {

/* Begin PBXBuildFile section */
		F3FB495B2BFB630A0032BD39 /* AppDelegate.swift in Sources */ = {isa = PBXBuildFile; fileRef = F3FB495A2BFB630A0032BD39 /* AppDelegate.swift */; };
		F3FB495D2BFB630A0032BD39 /* SceneDelegate.swift in Sources */ = {isa = PBXBuildFile; fileRef = F3FB495C2BFB630A0032BD39 /* SceneDelegate.swift */; };
		F3FB495F2BFB630A0032BD39 /* ViewController.swift in Sources */ = {isa = PBXBuildFile; fileRef = F3FB495E2BFB630A0032BD39 /* ViewController.swift */; };
		F3FB49622BFB630A0032BD39 /* Main.storyboard in Resources */ = {isa = PBXBuildFile; fileRef = F3FB49602BFB630A0032BD39 /* Main.storyboard */; };
		F3FB49642BFB630D0032BD39 /* Assets.xcassets in Resources */ = {isa = PBXBuildFile; fileRef = F3FB49632BFB630D0032BD39 /* Assets.xcassets */; };
		F3FB49672BFB630D0032BD39 /* LaunchScreen.storyboard in Resources */ = {isa = PBXBuildFile; fileRef = F3FB49652BFB630D0032BD39 /* LaunchScreen.storyboard */; };
		F3FB49732BFB642E0032BD39 /* Extension.swift in Sources */ = {isa = PBXBuildFile; fileRef = F3FB496E2BFB642E0032BD39 /* Extension.swift */; };
		F3FB49742BFB642E0032BD39 /* PlaceHolderTextView.swift in Sources */ = {isa = PBXBuildFile; fileRef = F3FB496F2BFB642E0032BD39 /* PlaceHolderTextView.swift */; };
		F3FB49752BFB642E0032BD39 /* LanguageVC.swift in Sources */ = {isa = PBXBuildFile; fileRef = F3FB49702BFB642E0032BD39 /* LanguageVC.swift */; };
		F3FB49762BFB642E0032BD39 /* AudioRecorder.swift in Sources */ = {isa = PBXBuildFile; fileRef = F3FB49712BFB642E0032BD39 /* AudioRecorder.swift */; };
		F3FB49932BFB76420032BD39 /* Pods_JioTranslateCoreSDK_iOS.framework in Frameworks */ = {isa = PBXBuildFile; fileRef = AC50ED9BDBD91672692D3E4D /* Pods_JioTranslateCoreSDK_iOS.framework */; };
/* End PBXBuildFile section */

/* Begin PBXFileReference section */
		6EE8284AD6DA260C121D7A4E /* Pods-JioTranslateCoreSDK_iOS.release.xcconfig */ = {isa = PBXFileReference; includeInIndex = 1; lastKnownFileType = text.xcconfig; name = "Pods-JioTranslateCoreSDK_iOS.release.xcconfig"; path = "Target Support Files/Pods-JioTranslateCoreSDK_iOS/Pods-JioTranslateCoreSDK_iOS.release.xcconfig"; sourceTree = "<group>"; };
		AC50ED9BDBD91672692D3E4D /* Pods_JioTranslateCoreSDK_iOS.framework */ = {isa = PBXFileReference; explicitFileType = wrapper.framework; includeInIndex = 0; path = Pods_JioTranslateCoreSDK_iOS.framework; sourceTree = BUILT_PRODUCTS_DIR; };
		E5972ED9540F3B042F1CD921 /* Pods-JioTranslateCoreSDK_iOS.debug.xcconfig */ = {isa = PBXFileReference; includeInIndex = 1; lastKnownFileType = text.xcconfig; name = "Pods-JioTranslateCoreSDK_iOS.debug.xcconfig"; path = "Target Support Files/Pods-JioTranslateCoreSDK_iOS/Pods-JioTranslateCoreSDK_iOS.debug.xcconfig"; sourceTree = "<group>"; };
		F3FB49572BFB630A0032BD39 /* JioTranslateCoreSDK_iOS.app */ = {isa = PBXFileReference; explicitFileType = wrapper.application; includeInIndex = 0; path = JioTranslateCoreSDK_iOS.app; sourceTree = BUILT_PRODUCTS_DIR; };
		F3FB495A2BFB630A0032BD39 /* AppDelegate.swift */ = {isa = PBXFileReference; lastKnownFileType = sourcecode.swift; path = AppDelegate.swift; sourceTree = "<group>"; };
		F3FB495C2BFB630A0032BD39 /* SceneDelegate.swift */ = {isa = PBXFileReference; lastKnownFileType = sourcecode.swift; path = SceneDelegate.swift; sourceTree = "<group>"; };
		F3FB495E2BFB630A0032BD39 /* ViewController.swift */ = {isa = PBXFileReference; lastKnownFileType = sourcecode.swift; path = ViewController.swift; sourceTree = "<group>"; };
		F3FB49612BFB630A0032BD39 /* Base */ = {isa = PBXFileReference; lastKnownFileType = file.storyboard; name = Base; path = Base.lproj/Main.storyboard; sourceTree = "<group>"; };
		F3FB49632BFB630D0032BD39 /* Assets.xcassets */ = {isa = PBXFileReference; lastKnownFileType = folder.assetcatalog; path = Assets.xcassets; sourceTree = "<group>"; };
		F3FB49662BFB630D0032BD39 /* Base */ = {isa = PBXFileReference; lastKnownFileType = file.storyboard; name = Base; path = Base.lproj/LaunchScreen.storyboard; sourceTree = "<group>"; };
		F3FB49682BFB630D0032BD39 /* Info.plist */ = {isa = PBXFileReference; lastKnownFileType = text.plist.xml; path = Info.plist; sourceTree = "<group>"; };
		F3FB496E2BFB642E0032BD39 /* Extension.swift */ = {isa = PBXFileReference; fileEncoding = 4; lastKnownFileType = sourcecode.swift; path = Extension.swift; sourceTree = "<group>"; };
		F3FB496F2BFB642E0032BD39 /* PlaceHolderTextView.swift */ = {isa = PBXFileReference; fileEncoding = 4; lastKnownFileType = sourcecode.swift; path = PlaceHolderTextView.swift; sourceTree = "<group>"; };
		F3FB49702BFB642E0032BD39 /* LanguageVC.swift */ = {isa = PBXFileReference; fileEncoding = 4; lastKnownFileType = sourcecode.swift; path = LanguageVC.swift; sourceTree = "<group>"; };
		F3FB49712BFB642E0032BD39 /* AudioRecorder.swift */ = {isa = PBXFileReference; fileEncoding = 4; lastKnownFileType = sourcecode.swift; path = AudioRecorder.swift; sourceTree = "<group>"; };
/* End PBXFileReference section */

/* Begin PBXFrameworksBuildPhase section */
		F3FB49542BFB630A0032BD39 /* Frameworks */ = {
			isa = PBXFrameworksBuildPhase;
			buildActionMask = 2147483647;
			files = (
				F3FB49932BFB76420032BD39 /* Pods_JioTranslateCoreSDK_iOS.framework in Frameworks */,
			);
			runOnlyForDeploymentPostprocessing = 0;
		};
/* End PBXFrameworksBuildPhase section */

/* Begin PBXGroup section */
		72261514BCB4933B5659D18D /* Frameworks */ = {
			isa = PBXGroup;
			children = (
				AC50ED9BDBD91672692D3E4D /* Pods_JioTranslateCoreSDK_iOS.framework */,
			);
			name = Frameworks;
			sourceTree = "<group>";
		};
		E130FAFD363FF55E3A86424E /* Pods */ = {
			isa = PBXGroup;
			children = (
				E5972ED9540F3B042F1CD921 /* Pods-JioTranslateCoreSDK_iOS.debug.xcconfig */,
				6EE8284AD6DA260C121D7A4E /* Pods-JioTranslateCoreSDK_iOS.release.xcconfig */,
			);
			path = Pods;
			sourceTree = "<group>";
		};
		F3FB494E2BFB630A0032BD39 = {
			isa = PBXGroup;
			children = (
				F3FB49592BFB630A0032BD39 /* JioTranslateCoreSDK_iOS */,
				F3FB49582BFB630A0032BD39 /* Products */,
				E130FAFD363FF55E3A86424E /* Pods */,
				72261514BCB4933B5659D18D /* Frameworks */,
			);
			sourceTree = "<group>";
		};
		F3FB49582BFB630A0032BD39 /* Products */ = {
			isa = PBXGroup;
			children = (
				F3FB49572BFB630A0032BD39 /* JioTranslateCoreSDK_iOS.app */,
			);
			name = Products;
			sourceTree = "<group>";
		};
		F3FB49592BFB630A0032BD39 /* JioTranslateCoreSDK_iOS */ = {
			isa = PBXGroup;
			children = (
				F3FB49782BFB64550032BD39 /* Resources */,
				F3FB495A2BFB630A0032BD39 /* AppDelegate.swift */,
				F3FB495C2BFB630A0032BD39 /* SceneDelegate.swift */,
				F3FB495E2BFB630A0032BD39 /* ViewController.swift */,
				F3FB49602BFB630A0032BD39 /* Main.storyboard */,
				F3FB49632BFB630D0032BD39 /* Assets.xcassets */,
				F3FB49652BFB630D0032BD39 /* LaunchScreen.storyboard */,
				F3FB49682BFB630D0032BD39 /* Info.plist */,
			);
			path = JioTranslateCoreSDK_iOS;
			sourceTree = "<group>";
		};
		F3FB49782BFB64550032BD39 /* Resources */ = {
			isa = PBXGroup;
			children = (
				F3FB49712BFB642E0032BD39 /* AudioRecorder.swift */,
				F3FB496E2BFB642E0032BD39 /* Extension.swift */,
				F3FB49702BFB642E0032BD39 /* LanguageVC.swift */,
				F3FB496F2BFB642E0032BD39 /* PlaceHolderTextView.swift */,
			);
			path = Resources;
			sourceTree = "<group>";
		};
/* End PBXGroup section */

/* Begin PBXNativeTarget section */
		F3FB49562BFB630A0032BD39 /* JioTranslateCoreSDK_iOS */ = {
			isa = PBXNativeTarget;
			buildConfigurationList = F3FB496B2BFB630D0032BD39 /* Build configuration list for PBXNativeTarget "JioTranslateCoreSDK_iOS" */;
			buildPhases = (
				DD65E854215DA4C2AAA18DC6 /* [CP] Check Pods Manifest.lock */,
				F3FB49532BFB630A0032BD39 /* Sources */,
				F3FB49542BFB630A0032BD39 /* Frameworks */,
				F3FB49552BFB630A0032BD39 /* Resources */,
				D40153E2D6B22308F3441DD1 /* [CP] Embed Pods Frameworks */,
			);
			buildRules = (
			);
			dependencies = (
			);
			name = JioTranslateCoreSDK_iOS;
			productName = JioTranslateCoreSDK_iOS;
			productReference = F3FB49572BFB630A0032BD39 /* JioTranslateCoreSDK_iOS.app */;
			productType = "com.apple.product-type.application";
		};
/* End PBXNativeTarget section */

/* Begin PBXProject section */
		F3FB494F2BFB630A0032BD39 /* Project object */ = {
			isa = PBXProject;
			attributes = {
				BuildIndependentTargetsInParallel = 1;
				LastSwiftUpdateCheck = 1430;
				LastUpgradeCheck = 1430;
				TargetAttributes = {
					F3FB49562BFB630A0032BD39 = {
						CreatedOnToolsVersion = 14.3.1;
					};
				};
			};
			buildConfigurationList = F3FB49522BFB630A0032BD39 /* Build configuration list for PBXProject "JioTranslateCoreSDK_iOS" */;
			compatibilityVersion = "Xcode 14.0";
			developmentRegion = en;
			hasScannedForEncodings = 0;
			knownRegions = (
				en,
				Base,
			);
			mainGroup = F3FB494E2BFB630A0032BD39;
			productRefGroup = F3FB49582BFB630A0032BD39 /* Products */;
			projectDirPath = "";
			projectRoot = "";
			targets = (
				F3FB49562BFB630A0032BD39 /* JioTranslateCoreSDK_iOS */,
			);
		};
/* End PBXProject section */

/* Begin PBXResourcesBuildPhase section */
		F3FB49552BFB630A0032BD39 /* Resources */ = {
			isa = PBXResourcesBuildPhase;
			buildActionMask = 2147483647;
			files = (
				F3FB49672BFB630D0032BD39 /* LaunchScreen.storyboard in Resources */,
				F3FB49642BFB630D0032BD39 /* Assets.xcassets in Resources */,
				F3FB49622BFB630A0032BD39 /* Main.storyboard in Resources */,
			);
			runOnlyForDeploymentPostprocessing = 0;
		};
/* End PBXResourcesBuildPhase section */

/* Begin PBXShellScriptBuildPhase section */
		D40153E2D6B22308F3441DD1 /* [CP] Embed Pods Frameworks */ = {
			isa = PBXShellScriptBuildPhase;
			buildActionMask = 2147483647;
			files = (
			);
			inputFileListPaths = (
				"${PODS_ROOT}/Target Support Files/Pods-JioTranslateCoreSDK_iOS/Pods-JioTranslateCoreSDK_iOS-frameworks-${CONFIGURATION}-input-files.xcfilelist",
			);
			name = "[CP] Embed Pods Frameworks";
			outputFileListPaths = (
				"${PODS_ROOT}/Target Support Files/Pods-JioTranslateCoreSDK_iOS/Pods-JioTranslateCoreSDK_iOS-frameworks-${CONFIGURATION}-output-files.xcfilelist",
			);
			runOnlyForDeploymentPostprocessing = 0;
			shellPath = /bin/sh;
			shellScript = "\"${PODS_ROOT}/Target Support Files/Pods-JioTranslateCoreSDK_iOS/Pods-JioTranslateCoreSDK_iOS-frameworks.sh\"\n";
			showEnvVarsInLog = 0;
		};
		DD65E854215DA4C2AAA18DC6 /* [CP] Check Pods Manifest.lock */ = {
			isa = PBXShellScriptBuildPhase;
			buildActionMask = 2147483647;
			files = (
			);
			inputFileListPaths = (
			);
			inputPaths = (
				"${PODS_PODFILE_DIR_PATH}/Podfile.lock",
				"${PODS_ROOT}/Manifest.lock",
			);
			name = "[CP] Check Pods Manifest.lock";
			outputFileListPaths = (
			);
			outputPaths = (
				"$(DERIVED_FILE_DIR)/Pods-JioTranslateCoreSDK_iOS-checkManifestLockResult.txt",
			);
			runOnlyForDeploymentPostprocessing = 0;
			shellPath = /bin/sh;
			shellScript = "diff \"${PODS_PODFILE_DIR_PATH}/Podfile.lock\" \"${PODS_ROOT}/Manifest.lock\" > /dev/null\nif [ $? != 0 ] ; then\n    # print error to STDERR\n    echo \"error: The sandbox is not in sync with the Podfile.lock. Run 'pod install' or update your CocoaPods installation.\" >&2\n    exit 1\nfi\n# This output is used by Xcode 'outputs' to avoid re-running this script phase.\necho \"SUCCESS\" > \"${SCRIPT_OUTPUT_FILE_0}\"\n";
			showEnvVarsInLog = 0;
		};
/* End PBXShellScriptBuildPhase section */

/* Begin PBXSourcesBuildPhase section */
		F3FB49532BFB630A0032BD39 /* Sources */ = {
			isa = PBXSourcesBuildPhase;
			buildActionMask = 2147483647;
			files = (
				F3FB495F2BFB630A0032BD39 /* ViewController.swift in Sources */,
				F3FB49762BFB642E0032BD39 /* AudioRecorder.swift in Sources */,
				F3FB495B2BFB630A0032BD39 /* AppDelegate.swift in Sources */,
				F3FB49752BFB642E0032BD39 /* LanguageVC.swift in Sources */,
				F3FB495D2BFB630A0032BD39 /* SceneDelegate.swift in Sources */,
				F3FB49732BFB642E0032BD39 /* Extension.swift in Sources */,
				F3FB49742BFB642E0032BD39 /* PlaceHolderTextView.swift in Sources */,
			);
			runOnlyForDeploymentPostprocessing = 0;
		};
/* End PBXSourcesBuildPhase section */

/* Begin PBXVariantGroup section */
		F3FB49602BFB630A0032BD39 /* Main.storyboard */ = {
			isa = PBXVariantGroup;
			children = (
				F3FB49612BFB630A0032BD39 /* Base */,
			);
			name = Main.storyboard;
			sourceTree = "<group>";
		};
		F3FB49652BFB630D0032BD39 /* LaunchScreen.storyboard */ = {
			isa = PBXVariantGroup;
			children = (
				F3FB49662BFB630D0032BD39 /* Base */,
			);
			name = LaunchScreen.storyboard;
			sourceTree = "<group>";
		};
/* End PBXVariantGroup section */

/* Begin XCBuildConfiguration section */
		F3FB49692BFB630D0032BD39 /* Debug */ = {
			isa = XCBuildConfiguration;
			buildSettings = {
				ALWAYS_SEARCH_USER_PATHS = NO;
				CLANG_ANALYZER_NONNULL = YES;
				CLANG_ANALYZER_NUMBER_OBJECT_CONVERSION = YES_AGGRESSIVE;
				CLANG_CXX_LANGUAGE_STANDARD = "gnu++20";
				CLANG_ENABLE_MODULES = YES;
				CLANG_ENABLE_OBJC_ARC = YES;
				CLANG_ENABLE_OBJC_WEAK = YES;
				CLANG_WARN_BLOCK_CAPTURE_AUTORELEASING = YES;
				CLANG_WARN_BOOL_CONVERSION = YES;
				CLANG_WARN_COMMA = YES;
				CLANG_WARN_CONSTANT_CONVERSION = YES;
				CLANG_WARN_DEPRECATED_OBJC_IMPLEMENTATIONS = YES;
				CLANG_WARN_DIRECT_OBJC_ISA_USAGE = YES_ERROR;
				CLANG_WARN_DOCUMENTATION_COMMENTS = YES;
				CLANG_WARN_EMPTY_BODY = YES;
				CLANG_WARN_ENUM_CONVERSION = YES;
				CLANG_WARN_INFINITE_RECURSION = YES;
				CLANG_WARN_INT_CONVERSION = YES;
				CLANG_WARN_NON_LITERAL_NULL_CONVERSION = YES;
				CLANG_WARN_OBJC_IMPLICIT_RETAIN_SELF = YES;
				CLANG_WARN_OBJC_LITERAL_CONVERSION = YES;
				CLANG_WARN_OBJC_ROOT_CLASS = YES_ERROR;
				CLANG_WARN_QUOTED_INCLUDE_IN_FRAMEWORK_HEADER = YES;
				CLANG_WARN_RANGE_LOOP_ANALYSIS = YES;
				CLANG_WARN_STRICT_PROTOTYPES = YES;
				CLANG_WARN_SUSPICIOUS_MOVE = YES;
				CLANG_WARN_UNGUARDED_AVAILABILITY = YES_AGGRESSIVE;
				CLANG_WARN_UNREACHABLE_CODE = YES;
				CLANG_WARN__DUPLICATE_METHOD_MATCH = YES;
				COPY_PHASE_STRIP = NO;
				DEBUG_INFORMATION_FORMAT = dwarf;
				ENABLE_STRICT_OBJC_MSGSEND = YES;
				ENABLE_TESTABILITY = YES;
				GCC_C_LANGUAGE_STANDARD = gnu11;
				GCC_DYNAMIC_NO_PIC = NO;
				GCC_NO_COMMON_BLOCKS = YES;
				GCC_OPTIMIZATION_LEVEL = 0;
				GCC_PREPROCESSOR_DEFINITIONS = (
					"DEBUG=1",
					"$(inherited)",
				);
				GCC_WARN_64_TO_32_BIT_CONVERSION = YES;
				GCC_WARN_ABOUT_RETURN_TYPE = YES_ERROR;
				GCC_WARN_UNDECLARED_SELECTOR = YES;
				GCC_WARN_UNINITIALIZED_AUTOS = YES_AGGRESSIVE;
				GCC_WARN_UNUSED_FUNCTION = YES;
				GCC_WARN_UNUSED_VARIABLE = YES;
				IPHONEOS_DEPLOYMENT_TARGET = 16.4;
				MTL_ENABLE_DEBUG_INFO = INCLUDE_SOURCE;
				MTL_FAST_MATH = YES;
				ONLY_ACTIVE_ARCH = YES;
				SDKROOT = iphoneos;
				SWIFT_ACTIVE_COMPILATION_CONDITIONS = DEBUG;
				SWIFT_OPTIMIZATION_LEVEL = "-Onone";
			};
			name = Debug;
		};
		F3FB496A2BFB630D0032BD39 /* Release */ = {
			isa = XCBuildConfiguration;
			buildSettings = {
				ALWAYS_SEARCH_USER_PATHS = NO;
				CLANG_ANALYZER_NONNULL = YES;
				CLANG_ANALYZER_NUMBER_OBJECT_CONVERSION = YES_AGGRESSIVE;
				CLANG_CXX_LANGUAGE_STANDARD = "gnu++20";
				CLANG_ENABLE_MODULES = YES;
				CLANG_ENABLE_OBJC_ARC = YES;
				CLANG_ENABLE_OBJC_WEAK = YES;
				CLANG_WARN_BLOCK_CAPTURE_AUTORELEASING = YES;
				CLANG_WARN_BOOL_CONVERSION = YES;
				CLANG_WARN_COMMA = YES;
				CLANG_WARN_CONSTANT_CONVERSION = YES;
				CLANG_WARN_DEPRECATED_OBJC_IMPLEMENTATIONS = YES;
				CLANG_WARN_DIRECT_OBJC_ISA_USAGE = YES_ERROR;
				CLANG_WARN_DOCUMENTATION_COMMENTS = YES;
				CLANG_WARN_EMPTY_BODY = YES;
				CLANG_WARN_ENUM_CONVERSION = YES;
				CLANG_WARN_INFINITE_RECURSION = YES;
				CLANG_WARN_INT_CONVERSION = YES;
				CLANG_WARN_NON_LITERAL_NULL_CONVERSION = YES;
				CLANG_WARN_OBJC_IMPLICIT_RETAIN_SELF = YES;
				CLANG_WARN_OBJC_LITERAL_CONVERSION = YES;
				CLANG_WARN_OBJC_ROOT_CLASS = YES_ERROR;
				CLANG_WARN_QUOTED_INCLUDE_IN_FRAMEWORK_HEADER = YES;
				CLANG_WARN_RANGE_LOOP_ANALYSIS = YES;
				CLANG_WARN_STRICT_PROTOTYPES = YES;
				CLANG_WARN_SUSPICIOUS_MOVE = YES;
				CLANG_WARN_UNGUARDED_AVAILABILITY = YES_AGGRESSIVE;
				CLANG_WARN_UNREACHABLE_CODE = YES;
				CLANG_WARN__DUPLICATE_METHOD_MATCH = YES;
				COPY_PHASE_STRIP = NO;
				DEBUG_INFORMATION_FORMAT = "dwarf-with-dsym";
				ENABLE_NS_ASSERTIONS = NO;
				ENABLE_STRICT_OBJC_MSGSEND = YES;
				GCC_C_LANGUAGE_STANDARD = gnu11;
				GCC_NO_COMMON_BLOCKS = YES;
				GCC_WARN_64_TO_32_BIT_CONVERSION = YES;
				GCC_WARN_ABOUT_RETURN_TYPE = YES_ERROR;
				GCC_WARN_UNDECLARED_SELECTOR = YES;
				GCC_WARN_UNINITIALIZED_AUTOS = YES_AGGRESSIVE;
				GCC_WARN_UNUSED_FUNCTION = YES;
				GCC_WARN_UNUSED_VARIABLE = YES;
				IPHONEOS_DEPLOYMENT_TARGET = 16.4;
				MTL_ENABLE_DEBUG_INFO = NO;
				MTL_FAST_MATH = YES;
				SDKROOT = iphoneos;
				SWIFT_COMPILATION_MODE = wholemodule;
				SWIFT_OPTIMIZATION_LEVEL = "-O";
				VALIDATE_PRODUCT = YES;
			};
			name = Release;
		};
		F3FB496C2BFB630D0032BD39 /* Debug */ = {
			isa = XCBuildConfiguration;
			baseConfigurationReference = E5972ED9540F3B042F1CD921 /* Pods-JioTranslateCoreSDK_iOS.debug.xcconfig */;
			buildSettings = {
				ASSETCATALOG_COMPILER_APPICON_NAME = AppIcon;
				ASSETCATALOG_COMPILER_GLOBAL_ACCENT_COLOR_NAME = AccentColor;
				CODE_SIGN_STYLE = Automatic;
				CURRENT_PROJECT_VERSION = 1;
				DEVELOPMENT_TEAM = VSQ9KLSSUY;
				GENERATE_INFOPLIST_FILE = YES;
				INFOPLIST_FILE = JioTranslateCoreSDK_iOS/Info.plist;
				INFOPLIST_KEY_NSMicrophoneUsageDescription = "App needs microphone access to record your audio and translate";
				INFOPLIST_KEY_UIApplicationSupportsIndirectInputEvents = YES;
				INFOPLIST_KEY_UILaunchStoryboardName = LaunchScreen;
				INFOPLIST_KEY_UIMainStoryboardFile = Main;
				INFOPLIST_KEY_UISupportedInterfaceOrientations_iPad = "UIInterfaceOrientationPortrait UIInterfaceOrientationPortraitUpsideDown UIInterfaceOrientationLandscapeLeft UIInterfaceOrientationLandscapeRight";
				INFOPLIST_KEY_UISupportedInterfaceOrientations_iPhone = "UIInterfaceOrientationPortrait UIInterfaceOrientationLandscapeLeft UIInterfaceOrientationLandscapeRight";
				LD_RUNPATH_SEARCH_PATHS = (
					"$(inherited)",
					"@executable_path/Frameworks",
				);
				MARKETING_VERSION = 1.0;
				PRODUCT_BUNDLE_IDENTIFIER = "com.jio.JioTranslateCoreSDK-iOS";
				PRODUCT_NAME = "$(TARGET_NAME)";
				SWIFT_EMIT_LOC_STRINGS = YES;
				SWIFT_VERSION = 5.0;
				TARGETED_DEVICE_FAMILY = "1,2";
			};
			name = Debug;
		};
		F3FB496D2BFB630D0032BD39 /* Release */ = {
			isa = XCBuildConfiguration;
			baseConfigurationReference = 6EE8284AD6DA260C121D7A4E /* Pods-JioTranslateCoreSDK_iOS.release.xcconfig */;
			buildSettings = {
				ASSETCATALOG_COMPILER_APPICON_NAME = AppIcon;
				ASSETCATALOG_COMPILER_GLOBAL_ACCENT_COLOR_NAME = AccentColor;
				CODE_SIGN_STYLE = Automatic;
				CURRENT_PROJECT_VERSION = 1;
				DEVELOPMENT_TEAM = VSQ9KLSSUY;
				GENERATE_INFOPLIST_FILE = YES;
				INFOPLIST_FILE = JioTranslateCoreSDK_iOS/Info.plist;
				INFOPLIST_KEY_NSMicrophoneUsageDescription = "App needs microphone access to record your audio and translate";
				INFOPLIST_KEY_UIApplicationSupportsIndirectInputEvents = YES;
				INFOPLIST_KEY_UILaunchStoryboardName = LaunchScreen;
				INFOPLIST_KEY_UIMainStoryboardFile = Main;
				INFOPLIST_KEY_UISupportedInterfaceOrientations_iPad = "UIInterfaceOrientationPortrait UIInterfaceOrientationPortraitUpsideDown UIInterfaceOrientationLandscapeLeft UIInterfaceOrientationLandscapeRight";
				INFOPLIST_KEY_UISupportedInterfaceOrientations_iPhone = "UIInterfaceOrientationPortrait UIInterfaceOrientationLandscapeLeft UIInterfaceOrientationLandscapeRight";
				LD_RUNPATH_SEARCH_PATHS = (
					"$(inherited)",
					"@executable_path/Frameworks",
				);
				MARKETING_VERSION = 1.0;
				PRODUCT_BUNDLE_IDENTIFIER = "com.jio.JioTranslateCoreSDK-iOS";
				PRODUCT_NAME = "$(TARGET_NAME)";
				SWIFT_EMIT_LOC_STRINGS = YES;
				SWIFT_VERSION = 5.0;
				TARGETED_DEVICE_FAMILY = "1,2";
			};
			name = Release;
		};
/* End XCBuildConfiguration section */

/* Begin XCConfigurationList section */
		F3FB49522BFB630A0032BD39 /* Build configuration list for PBXProject "JioTranslateCoreSDK_iOS" */ = {
			isa = XCConfigurationList;
			buildConfigurations = (
				F3FB49692BFB630D0032BD39 /* Debug */,
				F3FB496A2BFB630D0032BD39 /* Release */,
			);
			defaultConfigurationIsVisible = 0;
			defaultConfigurationName = Release;
		};
		F3FB496B2BFB630D0032BD39 /* Build configuration list for PBXNativeTarget "JioTranslateCoreSDK_iOS" */ = {
			isa = XCConfigurationList;
			buildConfigurations = (
				F3FB496C2BFB630D0032BD39 /* Debug */,
				F3FB496D2BFB630D0032BD39 /* Release */,
			);
			defaultConfigurationIsVisible = 0;
			defaultConfigurationName = Release;
		};
/* End XCConfigurationList section */
	};
	rootObject = F3FB494F2BFB630A0032BD39 /* Project object */;
}
